// !$*UTF8*$!
{
	archiveVersion = 1;
	classes = {
	};
	objectVersion = 50;
	objects = {

/* Begin PBXBuildFile section */
		0168F3C9261511A400AB9E31 /* AppDelegate.swift in Sources */ = {isa = PBXBuildFile; fileRef = 0168F3C8261511A400AB9E31 /* AppDelegate.swift */; };
		0168F3CB261511A400AB9E31 /* SceneDelegate.swift in Sources */ = {isa = PBXBuildFile; fileRef = 0168F3CA261511A400AB9E31 /* SceneDelegate.swift */; };
		0168F3CD261511A400AB9E31 /* ContentView.swift in Sources */ = {isa = PBXBuildFile; fileRef = 0168F3CC261511A400AB9E31 /* ContentView.swift */; };
		0168F3CF261511A800AB9E31 /* Assets.xcassets in Resources */ = {isa = PBXBuildFile; fileRef = 0168F3CE261511A800AB9E31 /* Assets.xcassets */; };
		0168F3D2261511A800AB9E31 /* Preview Assets.xcassets in Resources */ = {isa = PBXBuildFile; fileRef = 0168F3D1261511A800AB9E31 /* Preview Assets.xcassets */; };
		0168F3D5261511A800AB9E31 /* LaunchScreen.storyboard in Resources */ = {isa = PBXBuildFile; fileRef = 0168F3D3261511A800AB9E31 /* LaunchScreen.storyboard */; };
		0168F3E0261511A900AB9E31 /* DhanajitCardTests.swift in Sources */ = {isa = PBXBuildFile; fileRef = 0168F3DF261511A900AB9E31 /* DhanajitCardTests.swift */; };
		0168F3EB261511A900AB9E31 /* DhanajitCardUITests.swift in Sources */ = {isa = PBXBuildFile; fileRef = 0168F3EA261511A900AB9E31 /* DhanajitCardUITests.swift */; };
		0168F3FD2615796200AB9E31 /* Pacifico-Regular.ttf in Resources */ = {isa = PBXBuildFile; fileRef = 0168F3FC2615796100AB9E31 /* Pacifico-Regular.ttf */; };
/* End PBXBuildFile section */

/* Begin PBXContainerItemProxy section */
		0168F3DC261511A900AB9E31 /* PBXContainerItemProxy */ = {
			isa = PBXContainerItemProxy;
			containerPortal = 0168F3BD261511A400AB9E31 /* Project object */;
			proxyType = 1;
			remoteGlobalIDString = 0168F3C4261511A400AB9E31;
			remoteInfo = DhanajitCard;
		};
		0168F3E7261511A900AB9E31 /* PBXContainerItemProxy */ = {
			isa = PBXContainerItemProxy;
			containerPortal = 0168F3BD261511A400AB9E31 /* Project object */;
			proxyType = 1;
			remoteGlobalIDString = 0168F3C4261511A400AB9E31;
			remoteInfo = DhanajitCard;
		};
/* End PBXContainerItemProxy section */

/* Begin PBXFileReference section */
		0168F3C5261511A400AB9E31 /* DhanajitCard.app */ = {isa = PBXFileReference; explicitFileType = wrapper.application; includeInIndex = 0; path = DhanajitCard.app; sourceTree = BUILT_PRODUCTS_DIR; };
		0168F3C8261511A400AB9E31 /* AppDelegate.swift */ = {isa = PBXFileReference; lastKnownFileType = sourcecode.swift; path = AppDelegate.swift; sourceTree = "<group>"; };
		0168F3CA261511A400AB9E31 /* SceneDelegate.swift */ = {isa = PBXFileReference; lastKnownFileType = sourcecode.swift; path = SceneDelegate.swift; sourceTree = "<group>"; };
		0168F3CC261511A400AB9E31 /* ContentView.swift */ = {isa = PBXFileReference; lastKnownFileType = sourcecode.swift; path = ContentView.swift; sourceTree = "<group>"; };
		0168F3CE261511A800AB9E31 /* Assets.xcassets */ = {isa = PBXFileReference; lastKnownFileType = folder.assetcatalog; path = Assets.xcassets; sourceTree = "<group>"; };
		0168F3D1261511A800AB9E31 /* Preview Assets.xcassets */ = {isa = PBXFileReference; lastKnownFileType = folder.assetcatalog; path = "Preview Assets.xcassets"; sourceTree = "<group>"; };
		0168F3D4261511A800AB9E31 /* Base */ = {isa = PBXFileReference; lastKnownFileType = file.storyboard; name = Base; path = Base.lproj/LaunchScreen.storyboard; sourceTree = "<group>"; };
		0168F3D6261511A800AB9E31 /* Info.plist */ = {isa = PBXFileReference; lastKnownFileType = text.plist.xml; path = Info.plist; sourceTree = "<group>"; };
		0168F3DB261511A900AB9E31 /* DhanajitCardTests.xctest */ = {isa = PBXFileReference; explicitFileType = wrapper.cfbundle; includeInIndex = 0; path = DhanajitCardTests.xctest; sourceTree = BUILT_PRODUCTS_DIR; };
		0168F3DF261511A900AB9E31 /* DhanajitCardTests.swift */ = {isa = PBXFileReference; lastKnownFileType = sourcecode.swift; path = DhanajitCardTests.swift; sourceTree = "<group>"; };
		0168F3E1261511A900AB9E31 /* Info.plist */ = {isa = PBXFileReference; lastKnownFileType = text.plist.xml; path = Info.plist; sourceTree = "<group>"; };
		0168F3E6261511A900AB9E31 /* DhanajitCardUITests.xctest */ = {isa = PBXFileReference; explicitFileType = wrapper.cfbundle; includeInIndex = 0; path = DhanajitCardUITests.xctest; sourceTree = BUILT_PRODUCTS_DIR; };
		0168F3EA261511A900AB9E31 /* DhanajitCardUITests.swift */ = {isa = PBXFileReference; lastKnownFileType = sourcecode.swift; path = DhanajitCardUITests.swift; sourceTree = "<group>"; };
		0168F3EC261511A900AB9E31 /* Info.plist */ = {isa = PBXFileReference; lastKnownFileType = text.plist.xml; path = Info.plist; sourceTree = "<group>"; };
		0168F3FC2615796100AB9E31 /* Pacifico-Regular.ttf */ = {isa = PBXFileReference; lastKnownFileType = file; path = "Pacifico-Regular.ttf"; sourceTree = "<group>"; };
/* End PBXFileReference section */

/* Begin PBXFrameworksBuildPhase section */
		0168F3C2261511A400AB9E31 /* Frameworks */ = {
			isa = PBXFrameworksBuildPhase;
			buildActionMask = 2147483647;
			files = (
			);
			runOnlyForDeploymentPostprocessing = 0;
		};
		0168F3D8261511A900AB9E31 /* Frameworks */ = {
			isa = PBXFrameworksBuildPhase;
			buildActionMask = 2147483647;
			files = (
			);
			runOnlyForDeploymentPostprocessing = 0;
		};
		0168F3E3261511A900AB9E31 /* Frameworks */ = {
			isa = PBXFrameworksBuildPhase;
			buildActionMask = 2147483647;
			files = (
			);
			runOnlyForDeploymentPostprocessing = 0;
		};
/* End PBXFrameworksBuildPhase section */

/* Begin PBXGroup section */
		0168F3BC261511A400AB9E31 = {
			isa = PBXGroup;
			children = (
				0168F3C7261511A400AB9E31 /* DhanajitCard */,
				0168F3DE261511A900AB9E31 /* DhanajitCardTests */,
				0168F3E9261511A900AB9E31 /* DhanajitCardUITests */,
				0168F3C6261511A400AB9E31 /* Products */,
			);
			sourceTree = "<group>";
		};
		0168F3C6261511A400AB9E31 /* Products */ = {
			isa = PBXGroup;
			children = (
				0168F3C5261511A400AB9E31 /* DhanajitCard.app */,
				0168F3DB261511A900AB9E31 /* DhanajitCardTests.xctest */,
				0168F3E6261511A900AB9E31 /* DhanajitCardUITests.xctest */,
			);
			name = Products;
			sourceTree = "<group>";
		};
		0168F3C7261511A400AB9E31 /* DhanajitCard */ = {
			isa = PBXGroup;
			children = (
				0168F3FB2615793C00AB9E31 /* Fonts */,
				0168F3C8261511A400AB9E31 /* AppDelegate.swift */,
				0168F3CA261511A400AB9E31 /* SceneDelegate.swift */,
				0168F3CC261511A400AB9E31 /* ContentView.swift */,
				0168F3CE261511A800AB9E31 /* Assets.xcassets */,
				0168F3D3261511A800AB9E31 /* LaunchScreen.storyboard */,
				0168F3D6261511A800AB9E31 /* Info.plist */,
				0168F3D0261511A800AB9E31 /* Preview Content */,
			);
			path = DhanajitCard;
			sourceTree = "<group>";
		};
		0168F3D0261511A800AB9E31 /* Preview Content */ = {
			isa = PBXGroup;
			children = (
				0168F3D1261511A800AB9E31 /* Preview Assets.xcassets */,
			);
			path = "Preview Content";
			sourceTree = "<group>";
		};
		0168F3DE261511A900AB9E31 /* DhanajitCardTests */ = {
			isa = PBXGroup;
			children = (
				0168F3DF261511A900AB9E31 /* DhanajitCardTests.swift */,
				0168F3E1261511A900AB9E31 /* Info.plist */,
			);
			path = DhanajitCardTests;
			sourceTree = "<group>";
		};
		0168F3E9261511A900AB9E31 /* DhanajitCardUITests */ = {
			isa = PBXGroup;
			children = (
				0168F3EA261511A900AB9E31 /* DhanajitCardUITests.swift */,
				0168F3EC261511A900AB9E31 /* Info.plist */,
			);
			path = DhanajitCardUITests;
			sourceTree = "<group>";
		};
		0168F3FB2615793C00AB9E31 /* Fonts */ = {
			isa = PBXGroup;
			children = (
				0168F3FC2615796100AB9E31 /* Pacifico-Regular.ttf */,
			);
			path = Fonts;
			sourceTree = "<group>";
		};
/* End PBXGroup section */

/* Begin PBXNativeTarget section */
		0168F3C4261511A400AB9E31 /* DhanajitCard */ = {
			isa = PBXNativeTarget;
			buildConfigurationList = 0168F3EF261511A900AB9E31 /* Build configuration list for PBXNativeTarget "DhanajitCard" */;
			buildPhases = (
				0168F3C1261511A400AB9E31 /* Sources */,
				0168F3C2261511A400AB9E31 /* Frameworks */,
				0168F3C3261511A400AB9E31 /* Resources */,
			);
			buildRules = (
			);
			dependencies = (
			);
			name = DhanajitCard;
			productName = DhanajitCard;
			productReference = 0168F3C5261511A400AB9E31 /* DhanajitCard.app */;
			productType = "com.apple.product-type.application";
		};
		0168F3DA261511A900AB9E31 /* DhanajitCardTests */ = {
			isa = PBXNativeTarget;
			buildConfigurationList = 0168F3F2261511A900AB9E31 /* Build configuration list for PBXNativeTarget "DhanajitCardTests" */;
			buildPhases = (
				0168F3D7261511A900AB9E31 /* Sources */,
				0168F3D8261511A900AB9E31 /* Frameworks */,
				0168F3D9261511A900AB9E31 /* Resources */,
			);
			buildRules = (
			);
			dependencies = (
				0168F3DD261511A900AB9E31 /* PBXTargetDependency */,
			);
			name = DhanajitCardTests;
			productName = DhanajitCardTests;
			productReference = 0168F3DB261511A900AB9E31 /* DhanajitCardTests.xctest */;
			productType = "com.apple.product-type.bundle.unit-test";
		};
		0168F3E5261511A900AB9E31 /* DhanajitCardUITests */ = {
			isa = PBXNativeTarget;
			buildConfigurationList = 0168F3F5261511A900AB9E31 /* Build configuration list for PBXNativeTarget "DhanajitCardUITests" */;
			buildPhases = (
				0168F3E2261511A900AB9E31 /* Sources */,
				0168F3E3261511A900AB9E31 /* Frameworks */,
				0168F3E4261511A900AB9E31 /* Resources */,
			);
			buildRules = (
			);
			dependencies = (
				0168F3E8261511A900AB9E31 /* PBXTargetDependency */,
			);
			name = DhanajitCardUITests;
			productName = DhanajitCardUITests;
			productReference = 0168F3E6261511A900AB9E31 /* DhanajitCardUITests.xctest */;
			productType = "com.apple.product-type.bundle.ui-testing";
		};
/* End PBXNativeTarget section */

/* Begin PBXProject section */
		0168F3BD261511A400AB9E31 /* Project object */ = {
			isa = PBXProject;
			attributes = {
				LastSwiftUpdateCheck = 1230;
				LastUpgradeCheck = 1230;
				TargetAttributes = {
					0168F3C4261511A400AB9E31 = {
						CreatedOnToolsVersion = 12.3;
					};
					0168F3DA261511A900AB9E31 = {
						CreatedOnToolsVersion = 12.3;
						TestTargetID = 0168F3C4261511A400AB9E31;
					};
					0168F3E5261511A900AB9E31 = {
						CreatedOnToolsVersion = 12.3;
						TestTargetID = 0168F3C4261511A400AB9E31;
					};
				};
			};
			buildConfigurationList = 0168F3C0261511A400AB9E31 /* Build configuration list for PBXProject "DhanajitCard" */;
			compatibilityVersion = "Xcode 9.3";
			developmentRegion = en;
			hasScannedForEncodings = 0;
			knownRegions = (
				en,
				Base,
			);
			mainGroup = 0168F3BC261511A400AB9E31;
			productRefGroup = 0168F3C6261511A400AB9E31 /* Products */;
			projectDirPath = "";
			projectRoot = "";
			targets = (
				0168F3C4261511A400AB9E31 /* DhanajitCard */,
				0168F3DA261511A900AB9E31 /* DhanajitCardTests */,
				0168F3E5261511A900AB9E31 /* DhanajitCardUITests */,
			);
		};
/* End PBXProject section */

/* Begin PBXResourcesBuildPhase section */
		0168F3C3261511A400AB9E31 /* Resources */ = {
			isa = PBXResourcesBuildPhase;
			buildActionMask = 2147483647;
			files = (
				0168F3D5261511A800AB9E31 /* LaunchScreen.storyboard in Resources */,
				0168F3FD2615796200AB9E31 /* Pacifico-Regular.ttf in Resources */,
				0168F3D2261511A800AB9E31 /* Preview Assets.xcassets in Resources */,
				0168F3CF261511A800AB9E31 /* Assets.xcassets in Resources */,
			);
			runOnlyForDeploymentPostprocessing = 0;
		};
		0168F3D9261511A900AB9E31 /* Resources */ = {
			isa = PBXResourcesBuildPhase;
			buildActionMask = 2147483647;
			files = (
			);
			runOnlyForDeploymentPostprocessing = 0;
		};
		0168F3E4261511A900AB9E31 /* Resources */ = {
			isa = PBXResourcesBuildPhase;
			buildActionMask = 2147483647;
			files = (
			);
			runOnlyForDeploymentPostprocessing = 0;
		};
/* End PBXResourcesBuildPhase section */

/* Begin PBXSourcesBuildPhase section */
		0168F3C1261511A400AB9E31 /* Sources */ = {
			isa = PBXSourcesBuildPhase;
			buildActionMask = 2147483647;
			files = (
				0168F3C9261511A400AB9E31 /* AppDelegate.swift in Sources */,
				0168F3CB261511A400AB9E31 /* SceneDelegate.swift in Sources */,
				0168F3CD261511A400AB9E31 /* ContentView.swift in Sources */,
			);
			runOnlyForDeploymentPostprocessing = 0;
		};
		0168F3D7261511A900AB9E31 /* Sources */ = {
			isa = PBXSourcesBuildPhase;
			buildActionMask = 2147483647;
			files = (
				0168F3E0261511A900AB9E31 /* DhanajitCardTests.swift in Sources */,
			);
			runOnlyForDeploymentPostprocessing = 0;
		};
		0168F3E2261511A900AB9E31 /* Sources */ = {
			isa = PBXSourcesBuildPhase;
			buildActionMask = 2147483647;
			files = (
				0168F3EB261511A900AB9E31 /* DhanajitCardUITests.swift in Sources */,
			);
			runOnlyForDeploymentPostprocessing = 0;
		};
/* End PBXSourcesBuildPhase section */

/* Begin PBXTargetDependency section */
		0168F3DD261511A900AB9E31 /* PBXTargetDependency */ = {
			isa = PBXTargetDependency;
			target = 0168F3C4261511A400AB9E31 /* DhanajitCard */;
			targetProxy = 0168F3DC261511A900AB9E31 /* PBXContainerItemProxy */;
		};
		0168F3E8261511A900AB9E31 /* PBXTargetDependency */ = {
			isa = PBXTargetDependency;
			target = 0168F3C4261511A400AB9E31 /* DhanajitCard */;
			targetProxy = 0168F3E7261511A900AB9E31 /* PBXContainerItemProxy */;
		};
/* End PBXTargetDependency section */

/* Begin PBXVariantGroup section */
		0168F3D3261511A800AB9E31 /* LaunchScreen.storyboard */ = {
			isa = PBXVariantGroup;
			children = (
				0168F3D4261511A800AB9E31 /* Base */,
			);
			name = LaunchScreen.storyboard;
			sourceTree = "<group>";
		};
/* End PBXVariantGroup section */

/* Begin XCBuildConfiguration section */
		0168F3ED261511A900AB9E31 /* Debug */ = {
			isa = XCBuildConfiguration;
			buildSettings = {
				ALWAYS_SEARCH_USER_PATHS = NO;
				CLANG_ANALYZER_NONNULL = YES;
				CLANG_ANALYZER_NUMBER_OBJECT_CONVERSION = YES_AGGRESSIVE;
				CLANG_CXX_LANGUAGE_STANDARD = "gnu++14";
				CLANG_CXX_LIBRARY = "libc++";
				CLANG_ENABLE_MODULES = YES;
				CLANG_ENABLE_OBJC_ARC = YES;
				CLANG_ENABLE_OBJC_WEAK = YES;
				CLANG_WARN_BLOCK_CAPTURE_AUTORELEASING = YES;
				CLANG_WARN_BOOL_CONVERSION = YES;
				CLANG_WARN_COMMA = YES;
				CLANG_WARN_CONSTANT_CONVERSION = YES;
				CLANG_WARN_DEPRECATED_OBJC_IMPLEMENTATIONS = YES;
				CLANG_WARN_DIRECT_OBJC_ISA_USAGE = YES_ERROR;
				CLANG_WARN_DOCUMENTATION_COMMENTS = YES;
				CLANG_WARN_EMPTY_BODY = YES;
				CLANG_WARN_ENUM_CONVERSION = YES;
				CLANG_WARN_INFINITE_RECURSION = YES;
				CLANG_WARN_INT_CONVERSION = YES;
				CLANG_WARN_NON_LITERAL_NULL_CONVERSION = YES;
				CLANG_WARN_OBJC_IMPLICIT_RETAIN_SELF = YES;
				CLANG_WARN_OBJC_LITERAL_CONVERSION = YES;
				CLANG_WARN_OBJC_ROOT_CLASS = YES_ERROR;
				CLANG_WARN_QUOTED_INCLUDE_IN_FRAMEWORK_HEADER = YES;
				CLANG_WARN_RANGE_LOOP_ANALYSIS = YES;
				CLANG_WARN_STRICT_PROTOTYPES = YES;
				CLANG_WARN_SUSPICIOUS_MOVE = YES;
				CLANG_WARN_UNGUARDED_AVAILABILITY = YES_AGGRESSIVE;
				CLANG_WARN_UNREACHABLE_CODE = YES;
				CLANG_WARN__DUPLICATE_METHOD_MATCH = YES;
				COPY_PHASE_STRIP = NO;
				DEBUG_INFORMATION_FORMAT = dwarf;
				ENABLE_STRICT_OBJC_MSGSEND = YES;
				ENABLE_TESTABILITY = YES;
				GCC_C_LANGUAGE_STANDARD = gnu11;
				GCC_DYNAMIC_NO_PIC = NO;
				GCC_NO_COMMON_BLOCKS = YES;
				GCC_OPTIMIZATION_LEVEL = 0;
				GCC_PREPROCESSOR_DEFINITIONS = (
					"DEBUG=1",
					"$(inherited)",
				);
				GCC_WARN_64_TO_32_BIT_CONVERSION = YES;
				GCC_WARN_ABOUT_RETURN_TYPE = YES_ERROR;
				GCC_WARN_UNDECLARED_SELECTOR = YES;
				GCC_WARN_UNINITIALIZED_AUTOS = YES_AGGRESSIVE;
				GCC_WARN_UNUSED_FUNCTION = YES;
				GCC_WARN_UNUSED_VARIABLE = YES;
				IPHONEOS_DEPLOYMENT_TARGET = 14.3;
				MTL_ENABLE_DEBUG_INFO = INCLUDE_SOURCE;
				MTL_FAST_MATH = YES;
				ONLY_ACTIVE_ARCH = YES;
				SDKROOT = iphoneos;
				SWIFT_ACTIVE_COMPILATION_CONDITIONS = DEBUG;
				SWIFT_OPTIMIZATION_LEVEL = "-Onone";
			};
			name = Debug;
		};
		0168F3EE261511A900AB9E31 /* Release */ = {
			isa = XCBuildConfiguration;
			buildSettings = {
				ALWAYS_SEARCH_USER_PATHS = NO;
				CLANG_ANALYZER_NONNULL = YES;
				CLANG_ANALYZER_NUMBER_OBJECT_CONVERSION = YES_AGGRESSIVE;
				CLANG_CXX_LANGUAGE_STANDARD = "gnu++14";
				CLANG_CXX_LIBRARY = "libc++";
				CLANG_ENABLE_MODULES = YES;
				CLANG_ENABLE_OBJC_ARC = YES;
				CLANG_ENABLE_OBJC_WEAK = YES;
				CLANG_WARN_BLOCK_CAPTURE_AUTORELEASING = YES;
				CLANG_WARN_BOOL_CONVERSION = YES;
				CLANG_WARN_COMMA = YES;
				CLANG_WARN_CONSTANT_CONVERSION = YES;
				CLANG_WARN_DEPRECATED_OBJC_IMPLEMENTATIONS = YES;
				CLANG_WARN_DIRECT_OBJC_ISA_USAGE = YES_ERROR;
				CLANG_WARN_DOCUMENTATION_COMMENTS = YES;
				CLANG_WARN_EMPTY_BODY = YES;
				CLANG_WARN_ENUM_CONVERSION = YES;
				CLANG_WARN_INFINITE_RECURSION = YES;
				CLANG_WARN_INT_CONVERSION = YES;
				CLANG_WARN_NON_LITERAL_NULL_CONVERSION = YES;
				CLANG_WARN_OBJC_IMPLICIT_RETAIN_SELF = YES;
				CLANG_WARN_OBJC_LITERAL_CONVERSION = YES;
				CLANG_WARN_OBJC_ROOT_CLASS = YES_ERROR;
				CLANG_WARN_QUOTED_INCLUDE_IN_FRAMEWORK_HEADER = YES;
				CLANG_WARN_RANGE_LOOP_ANALYSIS = YES;
				CLANG_WARN_STRICT_PROTOTYPES = YES;
				CLANG_WARN_SUSPICIOUS_MOVE = YES;
				CLANG_WARN_UNGUARDED_AVAILABILITY = YES_AGGRESSIVE;
				CLANG_WARN_UNREACHABLE_CODE = YES;
				CLANG_WARN__DUPLICATE_METHOD_MATCH = YES;
				COPY_PHASE_STRIP = NO;
				DEBUG_INFORMATION_FORMAT = "dwarf-with-dsym";
				ENABLE_NS_ASSERTIONS = NO;
				ENABLE_STRICT_OBJC_MSGSEND = YES;
				GCC_C_LANGUAGE_STANDARD = gnu11;
				GCC_NO_COMMON_BLOCKS = YES;
				GCC_WARN_64_TO_32_BIT_CONVERSION = YES;
				GCC_WARN_ABOUT_RETURN_TYPE = YES_ERROR;
				GCC_WARN_UNDECLARED_SELECTOR = YES;
				GCC_WARN_UNINITIALIZED_AUTOS = YES_AGGRESSIVE;
				GCC_WARN_UNUSED_FUNCTION = YES;
				GCC_WARN_UNUSED_VARIABLE = YES;
				IPHONEOS_DEPLOYMENT_TARGET = 14.3;
				MTL_ENABLE_DEBUG_INFO = NO;
				MTL_FAST_MATH = YES;
				SDKROOT = iphoneos;
				SWIFT_COMPILATION_MODE = wholemodule;
				SWIFT_OPTIMIZATION_LEVEL = "-O";
				VALIDATE_PRODUCT = YES;
			};
			name = Release;
		};
		0168F3F0261511A900AB9E31 /* Debug */ = {
			isa = XCBuildConfiguration;
			buildSettings = {
				ASSETCATALOG_COMPILER_APPICON_NAME = AppIcon;
				ASSETCATALOG_COMPILER_GLOBAL_ACCENT_COLOR_NAME = AccentColor;
				CODE_SIGN_STYLE = Automatic;
				DEVELOPMENT_ASSET_PATHS = "\"DhanajitCard/Preview Content\"";
				ENABLE_PREVIEWS = YES;
				INFOPLIST_FILE = DhanajitCard/Info.plist;
				LD_RUNPATH_SEARCH_PATHS = (
					"$(inherited)",
					"@executable_path/Frameworks",
				);
				PRODUCT_BUNDLE_IDENTIFIER = com.dhanajitkapali.DhanajitCard;
				PRODUCT_NAME = "$(TARGET_NAME)";
				SWIFT_VERSION = 5.0;
				TARGETED_DEVICE_FAMILY = "1,2";
			};
			name = Debug;
		};
		0168F3F1261511A900AB9E31 /* Release */ = {
			isa = XCBuildConfiguration;
			buildSettings = {
				ASSETCATALOG_COMPILER_APPICON_NAME = AppIcon;
				ASSETCATALOG_COMPILER_GLOBAL_ACCENT_COLOR_NAME = AccentColor;
				CODE_SIGN_STYLE = Automatic;
				DEVELOPMENT_ASSET_PATHS = "\"DhanajitCard/Preview Content\"";
				ENABLE_PREVIEWS = YES;
				INFOPLIST_FILE = DhanajitCard/Info.plist;
				LD_RUNPATH_SEARCH_PATHS = (
					"$(inherited)",
					"@executable_path/Frameworks",
				);
				PRODUCT_BUNDLE_IDENTIFIER = com.dhanajitkapali.DhanajitCard;
				PRODUCT_NAME = "$(TARGET_NAME)";
				SWIFT_VERSION = 5.0;
				TARGETED_DEVICE_FAMILY = "1,2";
			};
			name = Release;
		};
		0168F3F3261511A900AB9E31 /* Debug */ = {
			isa = XCBuildConfiguration;
			buildSettings = {
				ALWAYS_EMBED_SWIFT_STANDARD_LIBRARIES = YES;
				BUNDLE_LOADER = "$(TEST_HOST)";
				CODE_SIGN_STYLE = Automatic;
				INFOPLIST_FILE = DhanajitCardTests/Info.plist;
				IPHONEOS_DEPLOYMENT_TARGET = 14.3;
				LD_RUNPATH_SEARCH_PATHS = (
					"$(inherited)",
					"@executable_path/Frameworks",
					"@loader_path/Frameworks",
				);
				PRODUCT_BUNDLE_IDENTIFIER = com.dhanajitkapali.DhanajitCardTests;
				PRODUCT_NAME = "$(TARGET_NAME)";
				SWIFT_VERSION = 5.0;
				TARGETED_DEVICE_FAMILY = "1,2";
				TEST_HOST = "$(BUILT_PRODUCTS_DIR)/DhanajitCard.app/DhanajitCard";
			};
			name = Debug;
		};
		0168F3F4261511A900AB9E31 /* Release */ = {
			isa = XCBuildConfiguration;
			buildSettings = {
				ALWAYS_EMBED_SWIFT_STANDARD_LIBRARIES = YES;
				BUNDLE_LOADER = "$(TEST_HOST)";
				CODE_SIGN_STYLE = Automatic;
				INFOPLIST_FILE = DhanajitCardTests/Info.plist;
				IPHONEOS_DEPLOYMENT_TARGET = 14.3;
				LD_RUNPATH_SEARCH_PATHS = (
					"$(inherited)",
					"@executable_path/Frameworks",
					"@loader_path/Frameworks",
				);
				PRODUCT_BUNDLE_IDENTIFIER = com.dhanajitkapali.DhanajitCardTests;
				PRODUCT_NAME = "$(TARGET_NAME)";
				SWIFT_VERSION = 5.0;
				TARGETED_DEVICE_FAMILY = "1,2";
				TEST_HOST = "$(BUILT_PRODUCTS_DIR)/DhanajitCard.app/DhanajitCard";
			};
			name = Release;
		};
		0168F3F6261511A900AB9E31 /* Debug */ = {
			isa = XCBuildConfiguration;
			buildSettings = {
				ALWAYS_EMBED_SWIFT_STANDARD_LIBRARIES = YES;
				CODE_SIGN_STYLE = Automatic;
				INFOPLIST_FILE = DhanajitCardUITests/Info.plist;
				LD_RUNPATH_SEARCH_PATHS = (
					"$(inherited)",
					"@executable_path/Frameworks",
					"@loader_path/Frameworks",
				);
				PRODUCT_BUNDLE_IDENTIFIER = com.dhanajitkapali.DhanajitCardUITests;
				PRODUCT_NAME = "$(TARGET_NAME)";
				SWIFT_VERSION = 5.0;
				TARGETED_DEVICE_FAMILY = "1,2";
				TEST_TARGET_NAME = DhanajitCard;
			};
			name = Debug;
		};
		0168F3F7261511A900AB9E31 /* Release */ = {
			isa = XCBuildConfiguration;
			buildSettings = {
				ALWAYS_EMBED_SWIFT_STANDARD_LIBRARIES = YES;
				CODE_SIGN_STYLE = Automatic;
				INFOPLIST_FILE = DhanajitCardUITests/Info.plist;
				LD_RUNPATH_SEARCH_PATHS = (
					"$(inherited)",
					"@executable_path/Frameworks",
					"@loader_path/Frameworks",
				);
				PRODUCT_BUNDLE_IDENTIFIER = com.dhanajitkapali.DhanajitCardUITests;
				PRODUCT_NAME = "$(TARGET_NAME)";
				SWIFT_VERSION = 5.0;
				TARGETED_DEVICE_FAMILY = "1,2";
				TEST_TARGET_NAME = DhanajitCard;
			};
			name = Release;
		};
/* End XCBuildConfiguration section */

/* Begin XCConfigurationList section */
		0168F3C0261511A400AB9E31 /* Build configuration list for PBXProject "DhanajitCard" */ = {
			isa = XCConfigurationList;
			buildConfigurations = (
				0168F3ED261511A900AB9E31 /* Debug */,
				0168F3EE261511A900AB9E31 /* Release */,
			);
			defaultConfigurationIsVisible = 0;
			defaultConfigurationName = Release;
		};
		0168F3EF261511A900AB9E31 /* Build configuration list for PBXNativeTarget "DhanajitCard" */ = {
			isa = XCConfigurationList;
			buildConfigurations = (
				0168F3F0261511A900AB9E31 /* Debug */,
				0168F3F1261511A900AB9E31 /* Release */,
			);
			defaultConfigurationIsVisible = 0;
			defaultConfigurationName = Release;
		};
		0168F3F2261511A900AB9E31 /* Build configuration list for PBXNativeTarget "DhanajitCardTests" */ = {
			isa = XCConfigurationList;
			buildConfigurations = (
				0168F3F3261511A900AB9E31 /* Debug */,
				0168F3F4261511A900AB9E31 /* Release */,
			);
			defaultConfigurationIsVisible = 0;
			defaultConfigurationName = Release;
		};
		0168F3F5261511A900AB9E31 /* Build configuration list for PBXNativeTarget "DhanajitCardUITests" */ = {
			isa = XCConfigurationList;
			buildConfigurations = (
				0168F3F6261511A900AB9E31 /* Debug */,
				0168F3F7261511A900AB9E31 /* Release */,
			);
			defaultConfigurationIsVisible = 0;
			defaultConfigurationName = Release;
		};
/* End XCConfigurationList section */
	};
	rootObject = 0168F3BD261511A400AB9E31 /* Project object */;
}
